
Microsoft Visual Studio Solution File, Format Version 12.00
# Visual Studio Version 16
VisualStudioVersion = 16.0.29102.190
MinimumVisualStudioVersion = 10.0.40219.1
Project("{2150E333-8FDC-42A3-9474-1A3956D46DE8}") = "00 Solution Files", "00 Solution Files", "{78B51317-E566-4217-BA48-A11D1756451D}"
	ProjectSection(SolutionItems) = preProject
		.editorconfig = .editorconfig
		.gitignore = .gitignore
		azure-pipelines.yml = azure-pipelines.yml
		CODE_OF_CONDUCT.md = CODE_OF_CONDUCT.md
		CONTRIBUTING.md = CONTRIBUTING.md
		Directory.Build.props = Directory.Build.props
		LICENSE = LICENSE
	EndProjectSection
EndProject
Project("{2150E333-8FDC-42A3-9474-1A3956D46DE8}") = "02 Tests", "02 Tests", "{39C10DDD-2F23-4F19-BBB1-CF31D9850002}"
	ProjectSection(SolutionItems) = preProject
		tests\test-netcoreapp3_0.ps1 = tests\test-netcoreapp3_0.ps1
		tests\test-netcoreapp3_1.ps1 = tests\test-netcoreapp3_1.ps1
	EndProjectSection
EndProject
Project("{2150E333-8FDC-42A3-9474-1A3956D46DE8}") = "10 Samples", "10 Samples", "{5FEBABA0-73A1-464A-8715-19F76F742B22}"
EndProject
Project("{2150E333-8FDC-42A3-9474-1A3956D46DE8}") = "60 Core", "60 Core", "{64F9A954-9830-45BA-B47F-D3589072E347}"
EndProject
Project("{9A19103F-16F7-4668-BE54-9A1E7A4F7556}") = "Opw.PineBlog.Sample", "samples\Opw.PineBlog.Sample\Opw.PineBlog.Sample.csproj", "{5FF80F3A-E0D0-4E47-9407-582E8F55617D}"
EndProject
Project("{9A19103F-16F7-4668-BE54-9A1E7A4F7556}") = "Opw.PineBlog.Core", "src\Opw.PineBlog.Core\Opw.PineBlog.Core.csproj", "{871343FA-6920-43B6-893F-B3127C04017E}"
EndProject
Project("{9A19103F-16F7-4668-BE54-9A1E7A4F7556}") = "Opw.PineBlog.EntityFrameworkCore", "src\Opw.PineBlog.EntityFrameworkCore\Opw.PineBlog.EntityFrameworkCore.csproj", "{6F3FF55D-3189-4895-BA0A-9E0FEBB63339}"
EndProject
Project("{9A19103F-16F7-4668-BE54-9A1E7A4F7556}") = "Opw.PineBlog.RazorPages", "src\Opw.PineBlog.RazorPages\Opw.PineBlog.RazorPages.csproj", "{ACD55A54-B7D4-4DBE-B969-7B4BE8D759D2}"
EndProject
Project("{9A19103F-16F7-4668-BE54-9A1E7A4F7556}") = "Opw.PineBlog.RazorPages.Tests", "tests\Opw.PineBlog.RazorPages.Tests\Opw.PineBlog.RazorPages.Tests.csproj", "{649BCA96-82AC-4B88-A617-3E14F6A29001}"
EndProject
Project("{9A19103F-16F7-4668-BE54-9A1E7A4F7556}") = "Opw.PineBlog", "ref\Opw.PineBlog\Opw.PineBlog.csproj", "{49EA4528-BA74-4FE9-862D-BC1448D50EF8}"
EndProject
Project("{2150E333-8FDC-42A3-9474-1A3956D46DE8}") = "20 Reference Packages", "20 Reference Packages", "{FCEC3C6B-0FC0-42CC-AEE8-EBBC570A67A0}"
EndProject
Project("{9A19103F-16F7-4668-BE54-9A1E7A4F7556}") = "Opw.PineBlog.Core.Tests", "tests\Opw.PineBlog.Core.Tests\Opw.PineBlog.Core.Tests.csproj", "{122A1302-2B62-485F-B80F-3E9210B0616F}"
EndProject
Project("{2150E333-8FDC-42A3-9474-1A3956D46DE8}") = "70 Data", "70 Data", "{F800AFAF-471F-41F4-8F17-0C4FAEC41F6A}"
EndProject
Project("{2150E333-8FDC-42A3-9474-1A3956D46DE8}") = "50 UI", "50 UI", "{08132695-AE8D-4A34-B826-9A87148A9985}"
EndProject
Project("{2150E333-8FDC-42A3-9474-1A3956D46DE8}") = "01 Docs", "01 Docs", "{5D82D89B-A30F-4C3F-87A0-6D3408A449BB}"
	ProjectSection(SolutionItems) = preProject
		docs\custom-layout.md = docs\custom-layout.md
		docs\features.md = docs\features.md
		docs\getting-started.md = docs\getting-started.md
		README.md = README.md
	EndProjectSection
EndProject
Project("{9A19103F-16F7-4668-BE54-9A1E7A4F7556}") = "Opw.PineBlog.EntityFrameworkCore.Tests", "tests\Opw.PineBlog.EntityFrameworkCore.Tests\Opw.PineBlog.EntityFrameworkCore.Tests.csproj", "{09215473-245F-4484-B61C-7FBFC70E8C18}"
EndProject
Project("{9A19103F-16F7-4668-BE54-9A1E7A4F7556}") = "Opw.PineBlog.Sample.Tests", "tests\Opw.PineBlog.Sample.Tests\Opw.PineBlog.Sample.Tests.csproj", "{FD61CF8C-B52E-4692-9B93-8D48255FD3D1}"
EndProject
Project("{9A19103F-16F7-4668-BE54-9A1E7A4F7556}") = "Opw.AspNetCore.Testing.Temp", "src\Opw.AspNetCore.Testing.Temp\Opw.AspNetCore.Testing.Temp.csproj", "{42B13F5C-7803-41B9-94A6-296599F67360}"
EndProject
Project("{2150E333-8FDC-42A3-9474-1A3956D46DE8}") = "99 Common", "99 Common", "{F085E840-E14B-4EDF-AF55-6723438CD59C}"
EndProject
Project("{9A19103F-16F7-4668-BE54-9A1E7A4F7556}") = "Opw.Core.Temp", "src\Opw.Core.Temp\Opw.Core.Temp.csproj", "{1610108B-7F63-431C-8674-43788EB12877}"
EndProject
Project("{2150E333-8FDC-42A3-9474-1A3956D46DE8}") = "30 Resume Module", "30 Resume Module", "{BFF4726F-2E95-411A-A2F6-A8DBA0C2D528}"
EndProject
Project("{9A19103F-16F7-4668-BE54-9A1E7A4F7556}") = "Opw.PineBlog.Resume.RazorPages", "src\Opw.PineBlog.Resume.RazorPages\Opw.PineBlog.Resume.RazorPages.csproj", "{EB859340-B84B-4132-9D19-9B23178F44C3}"
EndProject
Project("{9A19103F-16F7-4668-BE54-9A1E7A4F7556}") = "Opw.PineBlog.Resume.RazorPages.Tests", "tests\Opw.PineBlog.Resume.RazorPages.Tests\Opw.PineBlog.Resume.RazorPages.Tests.csproj", "{79B0C6E0-3EC9-4FE5-947B-D7EA1E1D0C60}"
EndProject
Project("{9A19103F-16F7-4668-BE54-9A1E7A4F7556}") = "Opw.PineBlog.Resume.Core", "src\Opw.PineBlog.Resume.Core\Opw.PineBlog.Resume.Core.csproj", "{E9A91F67-DC92-463D-BE15-FF604910542F}"
EndProject
Project("{9A19103F-16F7-4668-BE54-9A1E7A4F7556}") = "Opw.PineBlog.Resume.Core.Tests", "tests\Opw.PineBlog.Resume.Core.Tests\Opw.PineBlog.Resume.Core.Tests.csproj", "{D3F44934-3F43-444B-BA46-CD0A8816787B}"
EndProject
Project("{9A19103F-16F7-4668-BE54-9A1E7A4F7556}") = "Opw.PineBlog.Resume.EntityFrameworkCore", "src\Opw.PineBlog.Resume.EntityFrameworkCore\Opw.PineBlog.Resume.EntityFrameworkCore.csproj", "{B1308ED2-B574-4084-B5B2-C09FFAB54A99}"
EndProject
Project("{9A19103F-16F7-4668-BE54-9A1E7A4F7556}") = "Opw.PineBlog.Resume", "ref\Opw.PineBlog.Resume\Opw.PineBlog.Resume.csproj", "{BF6DF3AB-1FA6-461B-804D-8632CC0ED4B8}"
EndProject
Project("{9A19103F-16F7-4668-BE54-9A1E7A4F7556}") = "Opw.PineBlog.Resume.EntityFrameworkCore.Tests", "tests\Opw.PineBlog.Resume.EntityFrameworkCore.Tests\Opw.PineBlog.Resume.EntityFrameworkCore.Tests.csproj", "{C8F00C0A-185C-4A79-9308-2714BA534F3E}"
EndProject
Global
	GlobalSection(SolutionConfigurationPlatforms) = preSolution
		Debug|Any CPU = Debug|Any CPU
		Release|Any CPU = Release|Any CPU
	EndGlobalSection
	GlobalSection(ProjectConfigurationPlatforms) = postSolution
		{5FF80F3A-E0D0-4E47-9407-582E8F55617D}.Debug|Any CPU.ActiveCfg = Debug|Any CPU
		{5FF80F3A-E0D0-4E47-9407-582E8F55617D}.Debug|Any CPU.Build.0 = Debug|Any CPU
		{5FF80F3A-E0D0-4E47-9407-582E8F55617D}.Release|Any CPU.ActiveCfg = Release|Any CPU
		{5FF80F3A-E0D0-4E47-9407-582E8F55617D}.Release|Any CPU.Build.0 = Release|Any CPU
		{871343FA-6920-43B6-893F-B3127C04017E}.Debug|Any CPU.ActiveCfg = Debug|Any CPU
		{871343FA-6920-43B6-893F-B3127C04017E}.Debug|Any CPU.Build.0 = Debug|Any CPU
		{871343FA-6920-43B6-893F-B3127C04017E}.Release|Any CPU.ActiveCfg = Release|Any CPU
		{871343FA-6920-43B6-893F-B3127C04017E}.Release|Any CPU.Build.0 = Release|Any CPU
		{6F3FF55D-3189-4895-BA0A-9E0FEBB63339}.Debug|Any CPU.ActiveCfg = Debug|Any CPU
		{6F3FF55D-3189-4895-BA0A-9E0FEBB63339}.Debug|Any CPU.Build.0 = Debug|Any CPU
		{6F3FF55D-3189-4895-BA0A-9E0FEBB63339}.Release|Any CPU.ActiveCfg = Release|Any CPU
		{6F3FF55D-3189-4895-BA0A-9E0FEBB63339}.Release|Any CPU.Build.0 = Release|Any CPU
		{ACD55A54-B7D4-4DBE-B969-7B4BE8D759D2}.Debug|Any CPU.ActiveCfg = Debug|Any CPU
		{ACD55A54-B7D4-4DBE-B969-7B4BE8D759D2}.Debug|Any CPU.Build.0 = Debug|Any CPU
		{ACD55A54-B7D4-4DBE-B969-7B4BE8D759D2}.Release|Any CPU.ActiveCfg = Release|Any CPU
		{ACD55A54-B7D4-4DBE-B969-7B4BE8D759D2}.Release|Any CPU.Build.0 = Release|Any CPU
		{649BCA96-82AC-4B88-A617-3E14F6A29001}.Debug|Any CPU.ActiveCfg = Debug|Any CPU
		{649BCA96-82AC-4B88-A617-3E14F6A29001}.Debug|Any CPU.Build.0 = Debug|Any CPU
		{649BCA96-82AC-4B88-A617-3E14F6A29001}.Release|Any CPU.ActiveCfg = Release|Any CPU
		{649BCA96-82AC-4B88-A617-3E14F6A29001}.Release|Any CPU.Build.0 = Release|Any CPU
		{49EA4528-BA74-4FE9-862D-BC1448D50EF8}.Debug|Any CPU.ActiveCfg = Debug|Any CPU
		{49EA4528-BA74-4FE9-862D-BC1448D50EF8}.Debug|Any CPU.Build.0 = Debug|Any CPU
		{49EA4528-BA74-4FE9-862D-BC1448D50EF8}.Release|Any CPU.ActiveCfg = Release|Any CPU
		{49EA4528-BA74-4FE9-862D-BC1448D50EF8}.Release|Any CPU.Build.0 = Release|Any CPU
		{122A1302-2B62-485F-B80F-3E9210B0616F}.Debug|Any CPU.ActiveCfg = Debug|Any CPU
		{122A1302-2B62-485F-B80F-3E9210B0616F}.Debug|Any CPU.Build.0 = Debug|Any CPU
		{122A1302-2B62-485F-B80F-3E9210B0616F}.Release|Any CPU.ActiveCfg = Release|Any CPU
		{122A1302-2B62-485F-B80F-3E9210B0616F}.Release|Any CPU.Build.0 = Release|Any CPU
		{09215473-245F-4484-B61C-7FBFC70E8C18}.Debug|Any CPU.ActiveCfg = Debug|Any CPU
		{09215473-245F-4484-B61C-7FBFC70E8C18}.Debug|Any CPU.Build.0 = Debug|Any CPU
		{09215473-245F-4484-B61C-7FBFC70E8C18}.Release|Any CPU.ActiveCfg = Release|Any CPU
		{09215473-245F-4484-B61C-7FBFC70E8C18}.Release|Any CPU.Build.0 = Release|Any CPU
		{FD61CF8C-B52E-4692-9B93-8D48255FD3D1}.Debug|Any CPU.ActiveCfg = Debug|Any CPU
		{FD61CF8C-B52E-4692-9B93-8D48255FD3D1}.Debug|Any CPU.Build.0 = Debug|Any CPU
		{FD61CF8C-B52E-4692-9B93-8D48255FD3D1}.Release|Any CPU.ActiveCfg = Release|Any CPU
		{FD61CF8C-B52E-4692-9B93-8D48255FD3D1}.Release|Any CPU.Build.0 = Release|Any CPU
		{42B13F5C-7803-41B9-94A6-296599F67360}.Debug|Any CPU.ActiveCfg = Debug|Any CPU
		{42B13F5C-7803-41B9-94A6-296599F67360}.Debug|Any CPU.Build.0 = Debug|Any CPU
		{42B13F5C-7803-41B9-94A6-296599F67360}.Release|Any CPU.ActiveCfg = Release|Any CPU
		{42B13F5C-7803-41B9-94A6-296599F67360}.Release|Any CPU.Build.0 = Release|Any CPU
		{1610108B-7F63-431C-8674-43788EB12877}.Debug|Any CPU.ActiveCfg = Debug|Any CPU
		{1610108B-7F63-431C-8674-43788EB12877}.Debug|Any CPU.Build.0 = Debug|Any CPU
		{1610108B-7F63-431C-8674-43788EB12877}.Release|Any CPU.ActiveCfg = Release|Any CPU
		{1610108B-7F63-431C-8674-43788EB12877}.Release|Any CPU.Build.0 = Release|Any CPU
		{EB859340-B84B-4132-9D19-9B23178F44C3}.Debug|Any CPU.ActiveCfg = Debug|Any CPU
		{EB859340-B84B-4132-9D19-9B23178F44C3}.Debug|Any CPU.Build.0 = Debug|Any CPU
		{EB859340-B84B-4132-9D19-9B23178F44C3}.Release|Any CPU.ActiveCfg = Release|Any CPU
		{EB859340-B84B-4132-9D19-9B23178F44C3}.Release|Any CPU.Build.0 = Release|Any CPU
		{79B0C6E0-3EC9-4FE5-947B-D7EA1E1D0C60}.Debug|Any CPU.ActiveCfg = Debug|Any CPU
		{79B0C6E0-3EC9-4FE5-947B-D7EA1E1D0C60}.Debug|Any CPU.Build.0 = Debug|Any CPU
		{79B0C6E0-3EC9-4FE5-947B-D7EA1E1D0C60}.Release|Any CPU.ActiveCfg = Release|Any CPU
		{79B0C6E0-3EC9-4FE5-947B-D7EA1E1D0C60}.Release|Any CPU.Build.0 = Release|Any CPU
		{E9A91F67-DC92-463D-BE15-FF604910542F}.Debug|Any CPU.ActiveCfg = Debug|Any CPU
		{E9A91F67-DC92-463D-BE15-FF604910542F}.Debug|Any CPU.Build.0 = Debug|Any CPU
		{E9A91F67-DC92-463D-BE15-FF604910542F}.Release|Any CPU.ActiveCfg = Release|Any CPU
		{E9A91F67-DC92-463D-BE15-FF604910542F}.Release|Any CPU.Build.0 = Release|Any CPU
		{D3F44934-3F43-444B-BA46-CD0A8816787B}.Debug|Any CPU.ActiveCfg = Debug|Any CPU
		{D3F44934-3F43-444B-BA46-CD0A8816787B}.Debug|Any CPU.Build.0 = Debug|Any CPU
		{D3F44934-3F43-444B-BA46-CD0A8816787B}.Release|Any CPU.ActiveCfg = Release|Any CPU
		{D3F44934-3F43-444B-BA46-CD0A8816787B}.Release|Any CPU.Build.0 = Release|Any CPU
		{B1308ED2-B574-4084-B5B2-C09FFAB54A99}.Debug|Any CPU.ActiveCfg = Debug|Any CPU
		{B1308ED2-B574-4084-B5B2-C09FFAB54A99}.Debug|Any CPU.Build.0 = Debug|Any CPU
		{B1308ED2-B574-4084-B5B2-C09FFAB54A99}.Release|Any CPU.ActiveCfg = Release|Any CPU
		{B1308ED2-B574-4084-B5B2-C09FFAB54A99}.Release|Any CPU.Build.0 = Release|Any CPU
		{BF6DF3AB-1FA6-461B-804D-8632CC0ED4B8}.Debug|Any CPU.ActiveCfg = Debug|Any CPU
		{BF6DF3AB-1FA6-461B-804D-8632CC0ED4B8}.Debug|Any CPU.Build.0 = Debug|Any CPU
		{BF6DF3AB-1FA6-461B-804D-8632CC0ED4B8}.Release|Any CPU.ActiveCfg = Release|Any CPU
		{BF6DF3AB-1FA6-461B-804D-8632CC0ED4B8}.Release|Any CPU.Build.0 = Release|Any CPU
		{C8F00C0A-185C-4A79-9308-2714BA534F3E}.Debug|Any CPU.ActiveCfg = Debug|Any CPU
		{C8F00C0A-185C-4A79-9308-2714BA534F3E}.Debug|Any CPU.Build.0 = Debug|Any CPU
		{C8F00C0A-185C-4A79-9308-2714BA534F3E}.Release|Any CPU.ActiveCfg = Release|Any CPU
		{C8F00C0A-185C-4A79-9308-2714BA534F3E}.Release|Any CPU.Build.0 = Release|Any CPU
	EndGlobalSection
	GlobalSection(SolutionProperties) = preSolution
		HideSolutionNode = FALSE
	EndGlobalSection
	GlobalSection(NestedProjects) = preSolution
		{5FF80F3A-E0D0-4E47-9407-582E8F55617D} = {5FEBABA0-73A1-464A-8715-19F76F742B22}
		{871343FA-6920-43B6-893F-B3127C04017E} = {64F9A954-9830-45BA-B47F-D3589072E347}
		{6F3FF55D-3189-4895-BA0A-9E0FEBB63339} = {F800AFAF-471F-41F4-8F17-0C4FAEC41F6A}
		{ACD55A54-B7D4-4DBE-B969-7B4BE8D759D2} = {08132695-AE8D-4A34-B826-9A87148A9985}
		{649BCA96-82AC-4B88-A617-3E14F6A29001} = {08132695-AE8D-4A34-B826-9A87148A9985}
		{49EA4528-BA74-4FE9-862D-BC1448D50EF8} = {FCEC3C6B-0FC0-42CC-AEE8-EBBC570A67A0}
		{122A1302-2B62-485F-B80F-3E9210B0616F} = {64F9A954-9830-45BA-B47F-D3589072E347}
		{09215473-245F-4484-B61C-7FBFC70E8C18} = {F800AFAF-471F-41F4-8F17-0C4FAEC41F6A}
		{FD61CF8C-B52E-4692-9B93-8D48255FD3D1} = {5FEBABA0-73A1-464A-8715-19F76F742B22}
		{42B13F5C-7803-41B9-94A6-296599F67360} = {F085E840-E14B-4EDF-AF55-6723438CD59C}
		{1610108B-7F63-431C-8674-43788EB12877} = {F085E840-E14B-4EDF-AF55-6723438CD59C}
		{EB859340-B84B-4132-9D19-9B23178F44C3} = {BFF4726F-2E95-411A-A2F6-A8DBA0C2D528}
		{79B0C6E0-3EC9-4FE5-947B-D7EA1E1D0C60} = {BFF4726F-2E95-411A-A2F6-A8DBA0C2D528}
		{E9A91F67-DC92-463D-BE15-FF604910542F} = {BFF4726F-2E95-411A-A2F6-A8DBA0C2D528}
		{D3F44934-3F43-444B-BA46-CD0A8816787B} = {BFF4726F-2E95-411A-A2F6-A8DBA0C2D528}
		{B1308ED2-B574-4084-B5B2-C09FFAB54A99} = {BFF4726F-2E95-411A-A2F6-A8DBA0C2D528}
		{BF6DF3AB-1FA6-461B-804D-8632CC0ED4B8} = {FCEC3C6B-0FC0-42CC-AEE8-EBBC570A67A0}
		{C8F00C0A-185C-4A79-9308-2714BA534F3E} = {BFF4726F-2E95-411A-A2F6-A8DBA0C2D528}
	EndGlobalSection
	GlobalSection(ExtensibilityGlobals) = postSolution
		SolutionGuid = {DF018025-4A97-49F8-888F-C70856C1862A}
	EndGlobalSection
EndGlobal
