
Microsoft Visual Studio Solution File, Format Version 12.00
# Visual Studio Version 16
VisualStudioVersion = 16.0.29102.190
MinimumVisualStudioVersion = 10.0.40219.1
Project("{2150E333-8FDC-42A3-9474-1A3956D46DE8}") = "00 Solution Files", "00 Solution Files", "{78B51317-E566-4217-BA48-A11D1756451D}"
	ProjectSection(SolutionItems) = preProject
		.editorconfig = .editorconfig
		.gitignore = .gitignore
		azure-pipelines.yml = azure-pipelines.yml
		CHANGELOG.md = CHANGELOG.md
		CODE_OF_CONDUCT.md = CODE_OF_CONDUCT.md
		CONTRIBUTING.md = CONTRIBUTING.md
		Directory.Build.props = Directory.Build.props
		LICENSE = LICENSE
	EndProjectSection
EndProject
Project("{2150E333-8FDC-42A3-9474-1A3956D46DE8}") = "02 Tests", "02 Tests", "{39C10DDD-2F23-4F19-BBB1-CF31D9850002}"
	ProjectSection(SolutionItems) = preProject
		tests\test-netcoreapp2_2.ps1 = tests\test-netcoreapp2_2.ps1
	EndProjectSection
EndProject
Project("{2150E333-8FDC-42A3-9474-1A3956D46DE8}") = "01 Docs", "01 Docs", "{A4785B91-D8E5-4206-9B46-E38169859622}"
	ProjectSection(SolutionItems) = preProject
		docs\Opw.PineBlog.Sample.md = docs\Opw.PineBlog.Sample.md
		README.md = README.md
	EndProjectSection
EndProject
Project("{2150E333-8FDC-42A3-9474-1A3956D46DE8}") = "10 Samples", "10 Samples", "{5FEBABA0-73A1-464A-8715-19F76F742B22}"
EndProject
Project("{2150E333-8FDC-42A3-9474-1A3956D46DE8}") = "50 PineBlog", "50 PineBlog", "{64F9A954-9830-45BA-B47F-D3589072E347}"
EndProject
Project("{9A19103F-16F7-4668-BE54-9A1E7A4F7556}") = "Opw.PineBlog.Sample", "samples\Opw.PineBlog.Sample\Opw.PineBlog.Sample.csproj", "{5FF80F3A-E0D0-4E47-9407-582E8F55617D}"
EndProject
Project("{9A19103F-16F7-4668-BE54-9A1E7A4F7556}") = "Opw.PineBlog.Abstractions", "src\Opw.PineBlog.Abstractions\Opw.PineBlog.Abstractions.csproj", "{FB7F1F42-A75D-456B-A683-9FC625E95506}"
EndProject
Project("{9A19103F-16F7-4668-BE54-9A1E7A4F7556}") = "Opw.PineBlog", "src\Opw.PineBlog\Opw.PineBlog.csproj", "{871343FA-6920-43B6-893F-B3127C04017E}"
EndProject
Project("{9A19103F-16F7-4668-BE54-9A1E7A4F7556}") = "Opw.PineBlog.EntityFrameworkCore", "src\Opw.PineBlog.EntityFrameworkCore\Opw.PineBlog.EntityFrameworkCore.csproj", "{6F3FF55D-3189-4895-BA0A-9E0FEBB63339}"
EndProject
Project("{9A19103F-16F7-4668-BE54-9A1E7A4F7556}") = "Opw", "src\Opw\Opw.csproj", "{46E348EF-3CAB-4E58-825B-613ADD477936}"
EndProject
Project("{9A19103F-16F7-4668-BE54-9A1E7A4F7556}") = "Opw.AspNetCore", "src\Opw.AspNetCore\Opw.AspNetCore.csproj", "{6F4CA579-CCB7-44EB-982F-9ABEFDC8EE11}"
EndProject
Project("{9A19103F-16F7-4668-BE54-9A1E7A4F7556}") = "Opw.EntityFrameworkCore", "src\Opw.EntityFrameworkCore\Opw.EntityFrameworkCore.csproj", "{B68FCB30-A2BB-45FB-AAF0-6F8453DB3296}"
EndProject
Project("{2150E333-8FDC-42A3-9474-1A3956D46DE8}") = "90 Common", "90 Common", "{D524BD25-46D1-410E-A4AA-338422252720}"
EndProject
Project("{9A19103F-16F7-4668-BE54-9A1E7A4F7556}") = "Opw.AspNetCore.Tests", "tests\Opw.AspNetCore.Tests\Opw.AspNetCore.Tests.csproj", "{9965808D-94AE-44E0-8536-CDC56E9F2290}"
EndProject
Project("{9A19103F-16F7-4668-BE54-9A1E7A4F7556}") = "Opw.EntityFrameworkCore.Tests", "tests\Opw.EntityFrameworkCore.Tests\Opw.EntityFrameworkCore.Tests.csproj", "{A3471BC9-D24D-40CA-9582-2ABA9970D9A8}"
EndProject
Project("{9A19103F-16F7-4668-BE54-9A1E7A4F7556}") = "Opw.Tests", "tests\Opw.Tests\Opw.Tests.csproj", "{5E838134-5509-44C2-8515-362847C75527}"
EndProject
Project("{9A19103F-16F7-4668-BE54-9A1E7A4F7556}") = "Opw.PineBlog.Abstractions.Tests", "tests\Opw.PineBlog.Abstractions.Tests\Opw.PineBlog.Abstractions.Tests.csproj", "{F47B0200-E3C4-4517-8C98-062DC246E8F6}"
EndProject
Project("{9A19103F-16F7-4668-BE54-9A1E7A4F7556}") = "Opw.PineBlog.Tests", "tests\Opw.PineBlog.Tests\Opw.PineBlog.Tests.csproj", "{A0B506C7-D894-47D4-9E45-BF4DE409367E}"
EndProject
Project("{9A19103F-16F7-4668-BE54-9A1E7A4F7556}") = "Opw.PineBlog.RazorUI", "src\Opw.PineBlog.RazorUI\Opw.PineBlog.RazorUI.csproj", "{ACD55A54-B7D4-4DBE-B969-7B4BE8D759D2}"
EndProject
Project("{9A19103F-16F7-4668-BE54-9A1E7A4F7556}") = "Opw.PineBlog.RazorUI.Tests", "tests\Opw.PineBlog.RazorUI.Tests\Opw.PineBlog.RazorUI.Tests.csproj", "{649BCA96-82AC-4B88-A617-3E14F6A29001}"
EndProject
Global
	GlobalSection(SolutionConfigurationPlatforms) = preSolution
		Debug|Any CPU = Debug|Any CPU
		Release|Any CPU = Release|Any CPU
	EndGlobalSection
	GlobalSection(ProjectConfigurationPlatforms) = postSolution
		{5FF80F3A-E0D0-4E47-9407-582E8F55617D}.Debug|Any CPU.ActiveCfg = Debug|Any CPU
		{5FF80F3A-E0D0-4E47-9407-582E8F55617D}.Debug|Any CPU.Build.0 = Debug|Any CPU
		{5FF80F3A-E0D0-4E47-9407-582E8F55617D}.Release|Any CPU.ActiveCfg = Release|Any CPU
		{5FF80F3A-E0D0-4E47-9407-582E8F55617D}.Release|Any CPU.Build.0 = Release|Any CPU
		{FB7F1F42-A75D-456B-A683-9FC625E95506}.Debug|Any CPU.ActiveCfg = Debug|Any CPU
		{FB7F1F42-A75D-456B-A683-9FC625E95506}.Debug|Any CPU.Build.0 = Debug|Any CPU
		{FB7F1F42-A75D-456B-A683-9FC625E95506}.Release|Any CPU.ActiveCfg = Release|Any CPU
		{FB7F1F42-A75D-456B-A683-9FC625E95506}.Release|Any CPU.Build.0 = Release|Any CPU
		{871343FA-6920-43B6-893F-B3127C04017E}.Debug|Any CPU.ActiveCfg = Debug|Any CPU
		{871343FA-6920-43B6-893F-B3127C04017E}.Debug|Any CPU.Build.0 = Debug|Any CPU
		{871343FA-6920-43B6-893F-B3127C04017E}.Release|Any CPU.ActiveCfg = Release|Any CPU
		{871343FA-6920-43B6-893F-B3127C04017E}.Release|Any CPU.Build.0 = Release|Any CPU
		{6F3FF55D-3189-4895-BA0A-9E0FEBB63339}.Debug|Any CPU.ActiveCfg = Debug|Any CPU
		{6F3FF55D-3189-4895-BA0A-9E0FEBB63339}.Debug|Any CPU.Build.0 = Debug|Any CPU
		{6F3FF55D-3189-4895-BA0A-9E0FEBB63339}.Release|Any CPU.ActiveCfg = Release|Any CPU
		{6F3FF55D-3189-4895-BA0A-9E0FEBB63339}.Release|Any CPU.Build.0 = Release|Any CPU
		{46E348EF-3CAB-4E58-825B-613ADD477936}.Debug|Any CPU.ActiveCfg = Debug|Any CPU
		{46E348EF-3CAB-4E58-825B-613ADD477936}.Debug|Any CPU.Build.0 = Debug|Any CPU
		{46E348EF-3CAB-4E58-825B-613ADD477936}.Release|Any CPU.ActiveCfg = Release|Any CPU
		{46E348EF-3CAB-4E58-825B-613ADD477936}.Release|Any CPU.Build.0 = Release|Any CPU
		{6F4CA579-CCB7-44EB-982F-9ABEFDC8EE11}.Debug|Any CPU.ActiveCfg = Debug|Any CPU
		{6F4CA579-CCB7-44EB-982F-9ABEFDC8EE11}.Debug|Any CPU.Build.0 = Debug|Any CPU
		{6F4CA579-CCB7-44EB-982F-9ABEFDC8EE11}.Release|Any CPU.ActiveCfg = Release|Any CPU
		{6F4CA579-CCB7-44EB-982F-9ABEFDC8EE11}.Release|Any CPU.Build.0 = Release|Any CPU
		{B68FCB30-A2BB-45FB-AAF0-6F8453DB3296}.Debug|Any CPU.ActiveCfg = Debug|Any CPU
		{B68FCB30-A2BB-45FB-AAF0-6F8453DB3296}.Debug|Any CPU.Build.0 = Debug|Any CPU
		{B68FCB30-A2BB-45FB-AAF0-6F8453DB3296}.Release|Any CPU.ActiveCfg = Release|Any CPU
		{B68FCB30-A2BB-45FB-AAF0-6F8453DB3296}.Release|Any CPU.Build.0 = Release|Any CPU
		{9965808D-94AE-44E0-8536-CDC56E9F2290}.Debug|Any CPU.ActiveCfg = Debug|Any CPU
		{9965808D-94AE-44E0-8536-CDC56E9F2290}.Debug|Any CPU.Build.0 = Debug|Any CPU
		{9965808D-94AE-44E0-8536-CDC56E9F2290}.Release|Any CPU.ActiveCfg = Release|Any CPU
		{9965808D-94AE-44E0-8536-CDC56E9F2290}.Release|Any CPU.Build.0 = Release|Any CPU
		{A3471BC9-D24D-40CA-9582-2ABA9970D9A8}.Debug|Any CPU.ActiveCfg = Debug|Any CPU
		{A3471BC9-D24D-40CA-9582-2ABA9970D9A8}.Debug|Any CPU.Build.0 = Debug|Any CPU
		{A3471BC9-D24D-40CA-9582-2ABA9970D9A8}.Release|Any CPU.ActiveCfg = Release|Any CPU
		{A3471BC9-D24D-40CA-9582-2ABA9970D9A8}.Release|Any CPU.Build.0 = Release|Any CPU
		{5E838134-5509-44C2-8515-362847C75527}.Debug|Any CPU.ActiveCfg = Debug|Any CPU
		{5E838134-5509-44C2-8515-362847C75527}.Debug|Any CPU.Build.0 = Debug|Any CPU
		{5E838134-5509-44C2-8515-362847C75527}.Release|Any CPU.ActiveCfg = Release|Any CPU
		{5E838134-5509-44C2-8515-362847C75527}.Release|Any CPU.Build.0 = Release|Any CPU
		{F47B0200-E3C4-4517-8C98-062DC246E8F6}.Debug|Any CPU.ActiveCfg = Debug|Any CPU
		{F47B0200-E3C4-4517-8C98-062DC246E8F6}.Debug|Any CPU.Build.0 = Debug|Any CPU
		{F47B0200-E3C4-4517-8C98-062DC246E8F6}.Release|Any CPU.ActiveCfg = Release|Any CPU
		{F47B0200-E3C4-4517-8C98-062DC246E8F6}.Release|Any CPU.Build.0 = Release|Any CPU
		{A0B506C7-D894-47D4-9E45-BF4DE409367E}.Debug|Any CPU.ActiveCfg = Debug|Any CPU
		{A0B506C7-D894-47D4-9E45-BF4DE409367E}.Debug|Any CPU.Build.0 = Debug|Any CPU
		{A0B506C7-D894-47D4-9E45-BF4DE409367E}.Release|Any CPU.ActiveCfg = Release|Any CPU
		{A0B506C7-D894-47D4-9E45-BF4DE409367E}.Release|Any CPU.Build.0 = Release|Any CPU
		{ACD55A54-B7D4-4DBE-B969-7B4BE8D759D2}.Debug|Any CPU.ActiveCfg = Debug|Any CPU
		{ACD55A54-B7D4-4DBE-B969-7B4BE8D759D2}.Debug|Any CPU.Build.0 = Debug|Any CPU
		{ACD55A54-B7D4-4DBE-B969-7B4BE8D759D2}.Release|Any CPU.ActiveCfg = Release|Any CPU
		{ACD55A54-B7D4-4DBE-B969-7B4BE8D759D2}.Release|Any CPU.Build.0 = Release|Any CPU
		{649BCA96-82AC-4B88-A617-3E14F6A29001}.Debug|Any CPU.ActiveCfg = Debug|Any CPU
		{649BCA96-82AC-4B88-A617-3E14F6A29001}.Debug|Any CPU.Build.0 = Debug|Any CPU
		{649BCA96-82AC-4B88-A617-3E14F6A29001}.Release|Any CPU.ActiveCfg = Release|Any CPU
		{649BCA96-82AC-4B88-A617-3E14F6A29001}.Release|Any CPU.Build.0 = Release|Any CPU
	EndGlobalSection
	GlobalSection(SolutionProperties) = preSolution
		HideSolutionNode = FALSE
	EndGlobalSection
	GlobalSection(NestedProjects) = preSolution
		{5FF80F3A-E0D0-4E47-9407-582E8F55617D} = {5FEBABA0-73A1-464A-8715-19F76F742B22}
		{FB7F1F42-A75D-456B-A683-9FC625E95506} = {64F9A954-9830-45BA-B47F-D3589072E347}
		{871343FA-6920-43B6-893F-B3127C04017E} = {64F9A954-9830-45BA-B47F-D3589072E347}
		{6F3FF55D-3189-4895-BA0A-9E0FEBB63339} = {64F9A954-9830-45BA-B47F-D3589072E347}
		{46E348EF-3CAB-4E58-825B-613ADD477936} = {D524BD25-46D1-410E-A4AA-338422252720}
		{6F4CA579-CCB7-44EB-982F-9ABEFDC8EE11} = {D524BD25-46D1-410E-A4AA-338422252720}
		{B68FCB30-A2BB-45FB-AAF0-6F8453DB3296} = {D524BD25-46D1-410E-A4AA-338422252720}
		{9965808D-94AE-44E0-8536-CDC56E9F2290} = {D524BD25-46D1-410E-A4AA-338422252720}
		{A3471BC9-D24D-40CA-9582-2ABA9970D9A8} = {D524BD25-46D1-410E-A4AA-338422252720}
		{5E838134-5509-44C2-8515-362847C75527} = {D524BD25-46D1-410E-A4AA-338422252720}
		{F47B0200-E3C4-4517-8C98-062DC246E8F6} = {64F9A954-9830-45BA-B47F-D3589072E347}
		{A0B506C7-D894-47D4-9E45-BF4DE409367E} = {64F9A954-9830-45BA-B47F-D3589072E347}
		{ACD55A54-B7D4-4DBE-B969-7B4BE8D759D2} = {64F9A954-9830-45BA-B47F-D3589072E347}
		{649BCA96-82AC-4B88-A617-3E14F6A29001} = {64F9A954-9830-45BA-B47F-D3589072E347}
	EndGlobalSection
	GlobalSection(ExtensibilityGlobals) = postSolution
		SolutionGuid = {DF018025-4A97-49F8-888F-C70856C1862A}
	EndGlobalSection
EndGlobal
